
Microsoft Visual Studio Solution File, Format Version 12.00
# Visual Studio Version 17
VisualStudioVersion = 17.4.33403.182
MinimumVisualStudioVersion = 10.0.40219.1
Project("{E24C65DC-7377-472B-9ABA-BC803B73C61A}") = "reg", "..\..\..\..\..\reg\", "{B554AB5E-8B98-4125-9A1B-A8E1266604EB}"
	ProjectSection(WebsiteProperties) = preProject
		TargetFrameworkMoniker = ".NETFramework,Version%3Dv4.8"
		Debug.AspNetCompiler.VirtualPath = "/localhost_63107"
		Debug.AspNetCompiler.PhysicalPath = "..\..\..\..\..\reg\"
		Debug.AspNetCompiler.TargetPath = "PrecompiledWeb\localhost_63107\"
		Debug.AspNetCompiler.Updateable = "true"
		Debug.AspNetCompiler.ForceOverwrite = "true"
		Debug.AspNetCompiler.FixedNames = "false"
		Debug.AspNetCompiler.Debug = "True"
		Release.AspNetCompiler.VirtualPath = "/localhost_63107"
		Release.AspNetCompiler.PhysicalPath = "..\..\..\..\..\reg\"
		Release.AspNetCompiler.TargetPath = "PrecompiledWeb\localhost_63107\"
		Release.AspNetCompiler.Updateable = "true"
		Release.AspNetCompiler.ForceOverwrite = "true"
		Release.AspNetCompiler.FixedNames = "false"
		Release.AspNetCompiler.Debug = "False"
		VWDPort = "63107"
	EndProjectSection
EndProject
Global
	GlobalSection(SolutionConfigurationPlatforms) = preSolution
		Debug|Any CPU = Debug|Any CPU
	EndGlobalSection
	GlobalSection(ProjectConfigurationPlatforms) = postSolution
		{B554AB5E-8B98-4125-9A1B-A8E1266604EB}.Debug|Any CPU.ActiveCfg = Debug|Any CPU
		{B554AB5E-8B98-4125-9A1B-A8E1266604EB}.Debug|Any CPU.Build.0 = Debug|Any CPU
	EndGlobalSection
	GlobalSection(SolutionProperties) = preSolution
		HideSolutionNode = FALSE
	EndGlobalSection
	GlobalSection(ExtensibilityGlobals) = postSolution
		SolutionGuid = {17A83037-57AD-4697-844D-A7C24CBD0BB1}
	EndGlobalSection
EndGlobal
